<Solution>
  <Project Path="Client/Client.csproj" />
  <Project Path="Labora.ApiService/Labora.ApiService.csproj" />
  <Project Path="Labora.AppHost/Labora.AppHost.csproj" />
  <Project Path="Labora.ServiceDefaults/Labora.ServiceDefaults.csproj" />
  <Project Path="Labora.Tests/Labora.Tests.csproj" />
  <Project Path="Labora.Web/Labora.Web.csproj" />
</Solution>
